
Microsoft Visual Studio Solution File, Format Version 12.00
# Visual Studio Version 16
VisualStudioVersion = 16.0.29613.14
MinimumVisualStudioVersion = 10.0.40219.1
Project("{FAE04EC0-301F-11D3-BF4B-00C04F79EFBC}") = "tomcMatijaKlaseIObjekti1", "tomcMatijaKlaseIObjekti1\tomcMatijaKlaseIObjekti1.csproj", "{570079A1-ADF5-4F48-9129-C3356EEF2CEA}"
EndProject
Global
	GlobalSection(SolutionConfigurationPlatforms) = preSolution
		Debug|Any CPU = Debug|Any CPU
		Release|Any CPU = Release|Any CPU
	EndGlobalSection
	GlobalSection(ProjectConfigurationPlatforms) = postSolution
		{570079A1-ADF5-4F48-9129-C3356EEF2CEA}.Debug|Any CPU.ActiveCfg = Debug|Any CPU
		{570079A1-ADF5-4F48-9129-C3356EEF2CEA}.Debug|Any CPU.Build.0 = Debug|Any CPU
		{570079A1-ADF5-4F48-9129-C3356EEF2CEA}.Release|Any CPU.ActiveCfg = Release|Any CPU
		{570079A1-ADF5-4F48-9129-C3356EEF2CEA}.Release|Any CPU.Build.0 = Release|Any CPU
	EndGlobalSection
	GlobalSection(SolutionProperties) = preSolution
		HideSolutionNode = FALSE
	EndGlobalSection
	GlobalSection(ExtensibilityGlobals) = postSolution
		SolutionGuid = {D7E2C697-6518-4186-BB62-A1D5E9D77614}
	EndGlobalSection
EndGlobal
